Microsoft Visual Studio Solution File, Format Version 12.00
# Visual Studio 2013
VisualStudioVersion = 12.0.40629.0
MinimumVisualStudioVersion = 10.0.40219.1
Project("{FAE04EC0-301F-11D3-BF4B-00C04F79EFBC}") = "Sample.XamarinForms", "Sample.XamarinForms\Sample.XamarinForms\Sample.XamarinForms.csproj", "{6076B507-4501-4D8C-B64A-62A3051CD002}"
EndProject
Project("{FAE04EC0-301F-11D3-BF4B-00C04F79EFBC}") = "Sample.XamarinForms.Droid", "Sample.XamarinForms\Sample.XamarinForms.Droid\Sample.XamarinForms.Droid.csproj", "{23A7D79A-E717-4397-8869-00EE29A4A81C}"
EndProject
Project("{FAE04EC0-301F-11D3-BF4B-00C04F79EFBC}") = "Sample.XamarinForms.iOS", "Sample.XamarinForms\Sample.XamarinForms.iOS\Sample.XamarinForms.iOS.csproj", "{ADAED41E-EE3F-400D-9737-7B4F77D47887}"
EndProject
Project("{FAE04EC0-301F-11D3-BF4B-00C04F79EFBC}") = "Sample.XamarinForms.WinPhone", "Sample.XamarinForms\Sample.XamarinForms.WinPhone\Sample.XamarinForms.WinPhone.csproj", "{71CD23FF-9F9C-44C0-8C1D-BA12D0FA0338}"
EndProject
Global
	GlobalSection(SolutionConfigurationPlatforms) = preSolution
		Ad-Hoc|Any CPU = Ad-Hoc|Any CPU
		Ad-Hoc|ARM = Ad-Hoc|ARM
		Ad-Hoc|iPhone = Ad-Hoc|iPhone
		Ad-Hoc|iPhoneSimulator = Ad-Hoc|iPhoneSimulator
		Ad-Hoc|Mixed Platforms = Ad-Hoc|Mixed Platforms
		Ad-Hoc|x86 = Ad-Hoc|x86
		AppStore|Any CPU = AppStore|Any CPU
		AppStore|ARM = AppStore|ARM
		AppStore|iPhone = AppStore|iPhone
		AppStore|iPhoneSimulator = AppStore|iPhoneSimulator
		AppStore|Mixed Platforms = AppStore|Mixed Platforms
		AppStore|x86 = AppStore|x86
		Debug|Any CPU = Debug|Any CPU
		Debug|ARM = Debug|ARM
		Debug|iPhone = Debug|iPhone
		Debug|iPhoneSimulator = Debug|iPhoneSimulator
		Debug|Mixed Platforms = Debug|Mixed Platforms
		Debug|x86 = Debug|x86
		Release|Any CPU = Release|Any CPU
		Release|ARM = Release|ARM
		Release|iPhone = Release|iPhone
		Release|iPhoneSimulator = Release|iPhoneSimulator
		Release|Mixed Platforms = Release|Mixed Platforms
		Release|x86 = Release|x86
	EndGlobalSection
	GlobalSection(ProjectConfigurationPlatforms) = postSolution
		{6076B507-4501-4D8C-B64A-62A3051CD002}.Ad-Hoc|Any CPU.ActiveCfg = Release|Any CPU
		{6076B507-4501-4D8C-B64A-62A3051CD002}.Ad-Hoc|Any CPU.Build.0 = Release|Any CPU
		{6076B507-4501-4D8C-B64A-62A3051CD002}.Ad-Hoc|ARM.ActiveCfg = Release|Any CPU
		{6076B507-4501-4D8C-B64A-62A3051CD002}.Ad-Hoc|iPhone.ActiveCfg = Release|Any CPU
		{6076B507-4501-4D8C-B64A-62A3051CD002}.Ad-Hoc|iPhoneSimulator.ActiveCfg = Release|Any CPU
		{6076B507-4501-4D8C-B64A-62A3051CD002}.Ad-Hoc|Mixed Platforms.ActiveCfg = Release|Any CPU
		{6076B507-4501-4D8C-B64A-62A3051CD002}.Ad-Hoc|Mixed Platforms.Build.0 = Release|Any CPU
		{6076B507-4501-4D8C-B64A-62A3051CD002}.Ad-Hoc|x86.ActiveCfg = Release|Any CPU
		{6076B507-4501-4D8C-B64A-62A3051CD002}.AppStore|Any CPU.ActiveCfg = Release|Any CPU
		{6076B507-4501-4D8C-B64A-62A3051CD002}.AppStore|Any CPU.Build.0 = Release|Any CPU
		{6076B507-4501-4D8C-B64A-62A3051CD002}.AppStore|ARM.ActiveCfg = Release|Any CPU
		{6076B507-4501-4D8C-B64A-62A3051CD002}.AppStore|iPhone.ActiveCfg = Release|Any CPU
		{6076B507-4501-4D8C-B64A-62A3051CD002}.AppStore|iPhoneSimulator.ActiveCfg = Release|Any CPU
		{6076B507-4501-4D8C-B64A-62A3051CD002}.AppStore|Mixed Platforms.ActiveCfg = Release|Any CPU
		{6076B507-4501-4D8C-B64A-62A3051CD002}.AppStore|Mixed Platforms.Build.0 = Release|Any CPU
		{6076B507-4501-4D8C-B64A-62A3051CD002}.AppStore|x86.ActiveCfg = Release|Any CPU
		{6076B507-4501-4D8C-B64A-62A3051CD002}.Debug|Any CPU.ActiveCfg = Debug|Any CPU
		{6076B507-4501-4D8C-B64A-62A3051CD002}.Debug|Any CPU.Build.0 = Debug|Any CPU
		{6076B507-4501-4D8C-B64A-62A3051CD002}.Debug|ARM.ActiveCfg = Debug|Any CPU
		{6076B507-4501-4D8C-B64A-62A3051CD002}.Debug|iPhone.ActiveCfg = Debug|Any CPU
		{6076B507-4501-4D8C-B64A-62A3051CD002}.Debug|iPhoneSimulator.ActiveCfg = Debug|Any CPU
		{6076B507-4501-4D8C-B64A-62A3051CD002}.Debug|Mixed Platforms.ActiveCfg = Debug|Any CPU
		{6076B507-4501-4D8C-B64A-62A3051CD002}.Debug|Mixed Platforms.Build.0 = Debug|Any CPU
		{6076B507-4501-4D8C-B64A-62A3051CD002}.Debug|x86.ActiveCfg = Debug|Any CPU
		{6076B507-4501-4D8C-B64A-62A3051CD002}.Release|Any CPU.ActiveCfg = Release|Any CPU
		{6076B507-4501-4D8C-B64A-62A3051CD002}.Release|Any CPU.Build.0 = Release|Any CPU
		{6076B507-4501-4D8C-B64A-62A3051CD002}.Release|ARM.ActiveCfg = Release|Any CPU
		{6076B507-4501-4D8C-B64A-62A3051CD002}.Release|iPhone.ActiveCfg = Release|Any CPU
		{6076B507-4501-4D8C-B64A-62A3051CD002}.Release|iPhoneSimulator.ActiveCfg = Release|Any CPU
		{6076B507-4501-4D8C-B64A-62A3051CD002}.Release|Mixed Platforms.ActiveCfg = Release|Any CPU
		{6076B507-4501-4D8C-B64A-62A3051CD002}.Release|Mixed Platforms.Build.0 = Release|Any CPU
		{6076B507-4501-4D8C-B64A-62A3051CD002}.Release|x86.ActiveCfg = Release|Any CPU
		{23A7D79A-E717-4397-8869-00EE29A4A81C}.Ad-Hoc|Any CPU.ActiveCfg = Release|Any CPU
		{23A7D79A-E717-4397-8869-00EE29A4A81C}.Ad-Hoc|Any CPU.Build.0 = Release|Any CPU
		{23A7D79A-E717-4397-8869-00EE29A4A81C}.Ad-Hoc|Any CPU.Deploy.0 = Release|Any CPU
		{23A7D79A-E717-4397-8869-00EE29A4A81C}.Ad-Hoc|ARM.ActiveCfg = Release|Any CPU
		{23A7D79A-E717-4397-8869-00EE29A4A81C}.Ad-Hoc|iPhone.ActiveCfg = Release|Any CPU
		{23A7D79A-E717-4397-8869-00EE29A4A81C}.Ad-Hoc|iPhoneSimulator.ActiveCfg = Release|Any CPU
		{23A7D79A-E717-4397-8869-00EE29A4A81C}.Ad-Hoc|Mixed Platforms.ActiveCfg = Release|Any CPU
		{23A7D79A-E717-4397-8869-00EE29A4A81C}.Ad-Hoc|Mixed Platforms.Build.0 = Release|Any CPU
		{23A7D79A-E717-4397-8869-00EE29A4A81C}.Ad-Hoc|Mixed Platforms.Deploy.0 = Release|Any CPU
		{23A7D79A-E717-4397-8869-00EE29A4A81C}.Ad-Hoc|x86.ActiveCfg = Release|Any CPU
		{23A7D79A-E717-4397-8869-00EE29A4A81C}.AppStore|Any CPU.ActiveCfg = Release|Any CPU
		{23A7D79A-E717-4397-8869-00EE29A4A81C}.AppStore|Any CPU.Build.0 = Release|Any CPU
		{23A7D79A-E717-4397-8869-00EE29A4A81C}.AppStore|Any CPU.Deploy.0 = Release|Any CPU
		{23A7D79A-E717-4397-8869-00EE29A4A81C}.AppStore|ARM.ActiveCfg = Release|Any CPU
		{23A7D79A-E717-4397-8869-00EE29A4A81C}.AppStore|iPhone.ActiveCfg = Release|Any CPU
		{23A7D79A-E717-4397-8869-00EE29A4A81C}.AppStore|iPhoneSimulator.ActiveCfg = Release|Any CPU
		{23A7D79A-E717-4397-8869-00EE29A4A81C}.AppStore|Mixed Platforms.ActiveCfg = Release|Any CPU
		{23A7D79A-E717-4397-8869-00EE29A4A81C}.AppStore|Mixed Platforms.Build.0 = Release|Any CPU
		{23A7D79A-E717-4397-8869-00EE29A4A81C}.AppStore|Mixed Platforms.Deploy.0 = Release|Any CPU
		{23A7D79A-E717-4397-8869-00EE29A4A81C}.AppStore|x86.ActiveCfg = Release|Any CPU
		{23A7D79A-E717-4397-8869-00EE29A4A81C}.Debug|Any CPU.ActiveCfg = Debug|Any CPU
		{23A7D79A-E717-4397-8869-00EE29A4A81C}.Debug|Any CPU.Build.0 = Debug|Any CPU
		{23A7D79A-E717-4397-8869-00EE29A4A81C}.Debug|Any CPU.Deploy.0 = Debug|Any CPU
		{23A7D79A-E717-4397-8869-00EE29A4A81C}.Debug|ARM.ActiveCfg = Debug|Any CPU
		{23A7D79A-E717-4397-8869-00EE29A4A81C}.Debug|iPhone.ActiveCfg = Debug|Any CPU
		{23A7D79A-E717-4397-8869-00EE29A4A81C}.Debug|iPhoneSimulator.ActiveCfg = Debug|Any CPU
		{23A7D79A-E717-4397-8869-00EE29A4A81C}.Debug|Mixed Platforms.ActiveCfg = Debug|Any CPU
		{23A7D79A-E717-4397-8869-00EE29A4A81C}.Debug|Mixed Platforms.Build.0 = Debug|Any CPU
		{23A7D79A-E717-4397-8869-00EE29A4A81C}.Debug|Mixed Platforms.Deploy.0 = Debug|Any CPU
		{23A7D79A-E717-4397-8869-00EE29A4A81C}.Debug|x86.ActiveCfg = Debug|Any CPU
		{23A7D79A-E717-4397-8869-00EE29A4A81C}.Release|Any CPU.ActiveCfg = Release|Any CPU
		{23A7D79A-E717-4397-8869-00EE29A4A81C}.Release|Any CPU.Build.0 = Release|Any CPU
		{23A7D79A-E717-4397-8869-00EE29A4A81C}.Release|Any CPU.Deploy.0 = Release|Any CPU
		{23A7D79A-E717-4397-8869-00EE29A4A81C}.Release|ARM.ActiveCfg = Release|Any CPU
		{23A7D79A-E717-4397-8869-00EE29A4A81C}.Release|iPhone.ActiveCfg = Release|Any CPU
		{23A7D79A-E717-4397-8869-00EE29A4A81C}.Release|iPhoneSimulator.ActiveCfg = Release|Any CPU
		{23A7D79A-E717-4397-8869-00EE29A4A81C}.Release|Mixed Platforms.ActiveCfg = Release|Any CPU
		{23A7D79A-E717-4397-8869-00EE29A4A81C}.Release|Mixed Platforms.Build.0 = Release|Any CPU
		{23A7D79A-E717-4397-8869-00EE29A4A81C}.Release|Mixed Platforms.Deploy.0 = Release|Any CPU
		{23A7D79A-E717-4397-8869-00EE29A4A81C}.Release|x86.ActiveCfg = Release|Any CPU
		{ADAED41E-EE3F-400D-9737-7B4F77D47887}.Ad-Hoc|Any CPU.ActiveCfg = Ad-Hoc|iPhone
		{ADAED41E-EE3F-400D-9737-7B4F77D47887}.Ad-Hoc|ARM.ActiveCfg = Ad-Hoc|iPhone
		{ADAED41E-EE3F-400D-9737-7B4F77D47887}.Ad-Hoc|iPhone.ActiveCfg = Ad-Hoc|iPhone
		{ADAED41E-EE3F-400D-9737-7B4F77D47887}.Ad-Hoc|iPhone.Build.0 = Ad-Hoc|iPhone
		{ADAED41E-EE3F-400D-9737-7B4F77D47887}.Ad-Hoc|iPhoneSimulator.ActiveCfg = Ad-Hoc|iPhoneSimulator
		{ADAED41E-EE3F-400D-9737-7B4F77D47887}.Ad-Hoc|iPhoneSimulator.Build.0 = Ad-Hoc|iPhoneSimulator
		{ADAED41E-EE3F-400D-9737-7B4F77D47887}.Ad-Hoc|Mixed Platforms.ActiveCfg = Ad-Hoc|iPhone
		{ADAED41E-EE3F-400D-9737-7B4F77D47887}.Ad-Hoc|Mixed Platforms.Build.0 = Ad-Hoc|iPhone
		{ADAED41E-EE3F-400D-9737-7B4F77D47887}.Ad-Hoc|x86.ActiveCfg = Ad-Hoc|iPhone
		{ADAED41E-EE3F-400D-9737-7B4F77D47887}.AppStore|Any CPU.ActiveCfg = AppStore|iPhone
		{ADAED41E-EE3F-400D-9737-7B4F77D47887}.AppStore|ARM.ActiveCfg = AppStore|iPhone
		{ADAED41E-EE3F-400D-9737-7B4F77D47887}.AppStore|iPhone.ActiveCfg = AppStore|iPhone
		{ADAED41E-EE3F-400D-9737-7B4F77D47887}.AppStore|iPhone.Build.0 = AppStore|iPhone
		{ADAED41E-EE3F-400D-9737-7B4F77D47887}.AppStore|iPhoneSimulator.ActiveCfg = AppStore|iPhoneSimulator
		{ADAED41E-EE3F-400D-9737-7B4F77D47887}.AppStore|iPhoneSimulator.Build.0 = AppStore|iPhoneSimulator
		{ADAED41E-EE3F-400D-9737-7B4F77D47887}.AppStore|Mixed Platforms.ActiveCfg = AppStore|iPhone
		{ADAED41E-EE3F-400D-9737-7B4F77D47887}.AppStore|Mixed Platforms.Build.0 = AppStore|iPhone
		{ADAED41E-EE3F-400D-9737-7B4F77D47887}.AppStore|x86.ActiveCfg = AppStore|iPhone
		{ADAED41E-EE3F-400D-9737-7B4F77D47887}.Debug|Any CPU.ActiveCfg = Debug|iPhone
		{ADAED41E-EE3F-400D-9737-7B4F77D47887}.Debug|ARM.ActiveCfg = Debug|iPhone
		{ADAED41E-EE3F-400D-9737-7B4F77D47887}.Debug|iPhone.ActiveCfg = Debug|iPhone
		{ADAED41E-EE3F-400D-9737-7B4F77D47887}.Debug|iPhone.Build.0 = Debug|iPhone
		{ADAED41E-EE3F-400D-9737-7B4F77D47887}.Debug|iPhoneSimulator.ActiveCfg = Debug|iPhoneSimulator
		{ADAED41E-EE3F-400D-9737-7B4F77D47887}.Debug|iPhoneSimulator.Build.0 = Debug|iPhoneSimulator
		{ADAED41E-EE3F-400D-9737-7B4F77D47887}.Debug|Mixed Platforms.ActiveCfg = Debug|iPhone
		{ADAED41E-EE3F-400D-9737-7B4F77D47887}.Debug|Mixed Platforms.Build.0 = Debug|iPhone
		{ADAED41E-EE3F-400D-9737-7B4F77D47887}.Debug|x86.ActiveCfg = Debug|iPhone
		{ADAED41E-EE3F-400D-9737-7B4F77D47887}.Release|Any CPU.ActiveCfg = Release|iPhone
		{ADAED41E-EE3F-400D-9737-7B4F77D47887}.Release|ARM.ActiveCfg = Release|iPhone
		{ADAED41E-EE3F-400D-9737-7B4F77D47887}.Release|iPhone.ActiveCfg = Release|iPhone
		{ADAED41E-EE3F-400D-9737-7B4F77D47887}.Release|iPhone.Build.0 = Release|iPhone
		{ADAED41E-EE3F-400D-9737-7B4F77D47887}.Release|iPhoneSimulator.ActiveCfg = Release|iPhoneSimulator
		{ADAED41E-EE3F-400D-9737-7B4F77D47887}.Release|iPhoneSimulator.Build.0 = Release|iPhoneSimulator
		{ADAED41E-EE3F-400D-9737-7B4F77D47887}.Release|Mixed Platforms.ActiveCfg = Release|iPhone
		{ADAED41E-EE3F-400D-9737-7B4F77D47887}.Release|Mixed Platforms.Build.0 = Release|iPhone
		{ADAED41E-EE3F-400D-9737-7B4F77D47887}.Release|x86.ActiveCfg = Release|iPhone
		{71CD23FF-9F9C-44C0-8C1D-BA12D0FA0338}.Ad-Hoc|Any CPU.ActiveCfg = Release|Any CPU
		{71CD23FF-9F9C-44C0-8C1D-BA12D0FA0338}.Ad-Hoc|Any CPU.Build.0 = Release|Any CPU
		{71CD23FF-9F9C-44C0-8C1D-BA12D0FA0338}.Ad-Hoc|Any CPU.Deploy.0 = Release|Any CPU
		{71CD23FF-9F9C-44C0-8C1D-BA12D0FA0338}.Ad-Hoc|ARM.ActiveCfg = Release|ARM
		{71CD23FF-9F9C-44C0-8C1D-BA12D0FA0338}.Ad-Hoc|ARM.Build.0 = Release|ARM
		{71CD23FF-9F9C-44C0-8C1D-BA12D0FA0338}.Ad-Hoc|ARM.Deploy.0 = Release|ARM
		{71CD23FF-9F9C-44C0-8C1D-BA12D0FA0338}.Ad-Hoc|iPhone.ActiveCfg = Release|Any CPU
		{71CD23FF-9F9C-44C0-8C1D-BA12D0FA0338}.Ad-Hoc|iPhoneSimulator.ActiveCfg = Release|Any CPU
		{71CD23FF-9F9C-44C0-8C1D-BA12D0FA0338}.Ad-Hoc|Mixed Platforms.ActiveCfg = Release|x86
		{71CD23FF-9F9C-44C0-8C1D-BA12D0FA0338}.Ad-Hoc|Mixed Platforms.Build.0 = Release|x86
		{71CD23FF-9F9C-44C0-8C1D-BA12D0FA0338}.Ad-Hoc|Mixed Platforms.Deploy.0 = Release|x86
		{71CD23FF-9F9C-44C0-8C1D-BA12D0FA0338}.Ad-Hoc|x86.ActiveCfg = Release|x86
		{71CD23FF-9F9C-44C0-8C1D-BA12D0FA0338}.Ad-Hoc|x86.Build.0 = Release|x86
		{71CD23FF-9F9C-44C0-8C1D-BA12D0FA0338}.Ad-Hoc|x86.Deploy.0 = Release|x86
		{71CD23FF-9F9C-44C0-8C1D-BA12D0FA0338}.AppStore|Any CPU.ActiveCfg = Release|Any CPU
		{71CD23FF-9F9C-44C0-8C1D-BA12D0FA0338}.AppStore|Any CPU.Build.0 = Release|Any CPU
		{71CD23FF-9F9C-44C0-8C1D-BA12D0FA0338}.AppStore|Any CPU.Deploy.0 = Release|Any CPU
		{71CD23FF-9F9C-44C0-8C1D-BA12D0FA0338}.AppStore|ARM.ActiveCfg = Release|ARM
		{71CD23FF-9F9C-44C0-8C1D-BA12D0FA0338}.AppStore|ARM.Build.0 = Release|ARM
		{71CD23FF-9F9C-44C0-8C1D-BA12D0FA0338}.AppStore|ARM.Deploy.0 = Release|ARM
		{71CD23FF-9F9C-44C0-8C1D-BA12D0FA0338}.AppStore|iPhone.ActiveCfg = Release|Any CPU
		{71CD23FF-9F9C-44C0-8C1D-BA12D0FA0338}.AppStore|iPhoneSimulator.ActiveCfg = Release|Any CPU
		{71CD23FF-9F9C-44C0-8C1D-BA12D0FA0338}.AppStore|Mixed Platforms.ActiveCfg = Release|x86
		{71CD23FF-9F9C-44C0-8C1D-BA12D0FA0338}.AppStore|Mixed Platforms.Build.0 = Release|x86
		{71CD23FF-9F9C-44C0-8C1D-BA12D0FA0338}.AppStore|Mixed Platforms.Deploy.0 = Release|x86
		{71CD23FF-9F9C-44C0-8C1D-BA12D0FA0338}.AppStore|x86.ActiveCfg = Release|x86
		{71CD23FF-9F9C-44C0-8C1D-BA12D0FA0338}.AppStore|x86.Build.0 = Release|x86
		{71CD23FF-9F9C-44C0-8C1D-BA12D0FA0338}.AppStore|x86.Deploy.0 = Release|x86
		{71CD23FF-9F9C-44C0-8C1D-BA12D0FA0338}.Debug|Any CPU.ActiveCfg = Debug|Any CPU
		{71CD23FF-9F9C-44C0-8C1D-BA12D0FA0338}.Debug|Any CPU.Build.0 = Debug|Any CPU
		{71CD23FF-9F9C-44C0-8C1D-BA12D0FA0338}.Debug|Any CPU.Deploy.0 = Debug|Any CPU
		{71CD23FF-9F9C-44C0-8C1D-BA12D0FA0338}.Debug|ARM.ActiveCfg = Debug|ARM
		{71CD23FF-9F9C-44C0-8C1D-BA12D0FA0338}.Debug|ARM.Build.0 = Debug|ARM
		{71CD23FF-9F9C-44C0-8C1D-BA12D0FA0338}.Debug|ARM.Deploy.0 = Debug|ARM
		{71CD23FF-9F9C-44C0-8C1D-BA12D0FA0338}.Debug|iPhone.ActiveCfg = Debug|Any CPU
		{71CD23FF-9F9C-44C0-8C1D-BA12D0FA0338}.Debug|iPhoneSimulator.ActiveCfg = Debug|Any CPU
		{71CD23FF-9F9C-44C0-8C1D-BA12D0FA0338}.Debug|Mixed Platforms.ActiveCfg = Debug|x86
		{71CD23FF-9F9C-44C0-8C1D-BA12D0FA0338}.Debug|Mixed Platforms.Build.0 = Debug|x86
		{71CD23FF-9F9C-44C0-8C1D-BA12D0FA0338}.Debug|Mixed Platforms.Deploy.0 = Debug|x86
		{71CD23FF-9F9C-44C0-8C1D-BA12D0FA0338}.Debug|x86.ActiveCfg = Debug|x86
		{71CD23FF-9F9C-44C0-8C1D-BA12D0FA0338}.Debug|x86.Build.0 = Debug|x86
		{71CD23FF-9F9C-44C0-8C1D-BA12D0FA0338}.Debug|x86.Deploy.0 = Debug|x86
		{71CD23FF-9F9C-44C0-8C1D-BA12D0FA0338}.Release|Any CPU.ActiveCfg = Release|Any CPU
		{71CD23FF-9F9C-44C0-8C1D-BA12D0FA0338}.Release|Any CPU.Build.0 = Release|Any CPU
		{71CD23FF-9F9C-44C0-8C1D-BA12D0FA0338}.Release|Any CPU.Deploy.0 = Release|Any CPU
		{71CD23FF-9F9C-44C0-8C1D-BA12D0FA0338}.Release|ARM.ActiveCfg = Release|ARM
		{71CD23FF-9F9C-44C0-8C1D-BA12D0FA0338}.Release|ARM.Build.0 = Release|ARM
		{71CD23FF-9F9C-44C0-8C1D-BA12D0FA0338}.Release|ARM.Deploy.0 = Release|ARM
		{71CD23FF-9F9C-44C0-8C1D-BA12D0FA0338}.Release|iPhone.ActiveCfg = Release|Any CPU
		{71CD23FF-9F9C-44C0-8C1D-BA12D0FA0338}.Release|iPhoneSimulator.ActiveCfg = Release|Any CPU
		{71CD23FF-9F9C-44C0-8C1D-BA12D0FA0338}.Release|Mixed Platforms.ActiveCfg = Release|x86
		{71CD23FF-9F9C-44C0-8C1D-BA12D0FA0338}.Release|Mixed Platforms.Build.0 = Release|x86
		{71CD23FF-9F9C-44C0-8C1D-BA12D0FA0338}.Release|Mixed Platforms.Deploy.0 = Release|x86
		{71CD23FF-9F9C-44C0-8C1D-BA12D0FA0338}.Release|x86.ActiveCfg = Release|x86
		{71CD23FF-9F9C-44C0-8C1D-BA12D0FA0338}.Release|x86.Build.0 = Release|x86
		{71CD23FF-9F9C-44C0-8C1D-BA12D0FA0338}.Release|x86.Deploy.0 = Release|x86
	EndGlobalSection
	GlobalSection(SolutionProperties) = preSolution
		HideSolutionNode = FALSE
	EndGlobalSection
EndGlobal
