
Microsoft Visual Studio Solution File, Format Version 12.00
# Visual Studio 2012
VisualStudioVersion = 12.0.31101.0
MinimumVisualStudioVersion = 10.0.40219.1
Project("{FAE04EC0-301F-11D3-BF4B-00C04F79EFBC}") = "Xamarin.UITest.Hybrid", "Xamarin.UITest.Hybrid\Xamarin.UITest.Hybrid.csproj", "{51A19C47-716E-4017-889B-F543523703F2}"
EndProject
Project("{FAE04EC0-301F-11D3-BF4B-00C04F79EFBC}") = "Xamarin.UITest.Native.VecernjiList", "Xamarin.UITest.Native.VecernjiList\Xamarin.UITest.Native.VecernjiList.csproj", "{21963FBB-F007-4EBF-8C36-6BA605BD955F}"
EndProject
Project("{FAE04EC0-301F-11D3-BF4B-00C04F79EFBC}") = "Xamarin.UITest.Native.HAK", "Xamarin.UITest.Native.HAK\Xamarin.UITest.Native.HAK.csproj", "{31345A24-1277-4218-95F7-3CB31B87FF86}"
EndProject
Global
	GlobalSection(SolutionConfigurationPlatforms) = preSolution
		Ad-Hoc|Any CPU = Ad-Hoc|Any CPU
		Ad-Hoc|ARM = Ad-Hoc|ARM
		Ad-Hoc|iPhone = Ad-Hoc|iPhone
		Ad-Hoc|iPhoneSimulator = Ad-Hoc|iPhoneSimulator
		Ad-Hoc|Mixed Platforms = Ad-Hoc|Mixed Platforms
		Ad-Hoc|x86 = Ad-Hoc|x86
		AppStore|Any CPU = AppStore|Any CPU
		AppStore|ARM = AppStore|ARM
		AppStore|iPhone = AppStore|iPhone
		AppStore|iPhoneSimulator = AppStore|iPhoneSimulator
		AppStore|Mixed Platforms = AppStore|Mixed Platforms
		AppStore|x86 = AppStore|x86
		Debug|Any CPU = Debug|Any CPU
		Debug|ARM = Debug|ARM
		Debug|iPhone = Debug|iPhone
		Debug|iPhoneSimulator = Debug|iPhoneSimulator
		Debug|Mixed Platforms = Debug|Mixed Platforms
		Debug|x86 = Debug|x86
		Release|Any CPU = Release|Any CPU
		Release|ARM = Release|ARM
		Release|iPhone = Release|iPhone
		Release|iPhoneSimulator = Release|iPhoneSimulator
		Release|Mixed Platforms = Release|Mixed Platforms
		Release|x86 = Release|x86
	EndGlobalSection
	GlobalSection(ProjectConfigurationPlatforms) = postSolution
		{21963FBB-F007-4EBF-8C36-6BA605BD955F}.Ad-Hoc|Any CPU.ActiveCfg = Debug|Any CPU
		{21963FBB-F007-4EBF-8C36-6BA605BD955F}.Ad-Hoc|Any CPU.Build.0 = Debug|Any CPU
		{21963FBB-F007-4EBF-8C36-6BA605BD955F}.Ad-Hoc|ARM.ActiveCfg = Debug|Any CPU
		{21963FBB-F007-4EBF-8C36-6BA605BD955F}.Ad-Hoc|ARM.Build.0 = Debug|Any CPU
		{21963FBB-F007-4EBF-8C36-6BA605BD955F}.Ad-Hoc|iPhone.ActiveCfg = Debug|Any CPU
		{21963FBB-F007-4EBF-8C36-6BA605BD955F}.Ad-Hoc|iPhone.Build.0 = Debug|Any CPU
		{21963FBB-F007-4EBF-8C36-6BA605BD955F}.Ad-Hoc|iPhoneSimulator.ActiveCfg = Debug|Any CPU
		{21963FBB-F007-4EBF-8C36-6BA605BD955F}.Ad-Hoc|iPhoneSimulator.Build.0 = Debug|Any CPU
		{21963FBB-F007-4EBF-8C36-6BA605BD955F}.Ad-Hoc|Mixed Platforms.ActiveCfg = Debug|Any CPU
		{21963FBB-F007-4EBF-8C36-6BA605BD955F}.Ad-Hoc|Mixed Platforms.Build.0 = Debug|Any CPU
		{21963FBB-F007-4EBF-8C36-6BA605BD955F}.Ad-Hoc|x86.ActiveCfg = Debug|Any CPU
		{21963FBB-F007-4EBF-8C36-6BA605BD955F}.Ad-Hoc|x86.Build.0 = Debug|Any CPU
		{21963FBB-F007-4EBF-8C36-6BA605BD955F}.AppStore|Any CPU.ActiveCfg = Debug|Any CPU
		{21963FBB-F007-4EBF-8C36-6BA605BD955F}.AppStore|Any CPU.Build.0 = Debug|Any CPU
		{21963FBB-F007-4EBF-8C36-6BA605BD955F}.AppStore|ARM.ActiveCfg = Debug|Any CPU
		{21963FBB-F007-4EBF-8C36-6BA605BD955F}.AppStore|ARM.Build.0 = Debug|Any CPU
		{21963FBB-F007-4EBF-8C36-6BA605BD955F}.AppStore|iPhone.ActiveCfg = Debug|Any CPU
		{21963FBB-F007-4EBF-8C36-6BA605BD955F}.AppStore|iPhone.Build.0 = Debug|Any CPU
		{21963FBB-F007-4EBF-8C36-6BA605BD955F}.AppStore|iPhoneSimulator.ActiveCfg = Debug|Any CPU
		{21963FBB-F007-4EBF-8C36-6BA605BD955F}.AppStore|iPhoneSimulator.Build.0 = Debug|Any CPU
		{21963FBB-F007-4EBF-8C36-6BA605BD955F}.AppStore|Mixed Platforms.ActiveCfg = Debug|Any CPU
		{21963FBB-F007-4EBF-8C36-6BA605BD955F}.AppStore|Mixed Platforms.Build.0 = Debug|Any CPU
		{21963FBB-F007-4EBF-8C36-6BA605BD955F}.AppStore|x86.ActiveCfg = Debug|Any CPU
		{21963FBB-F007-4EBF-8C36-6BA605BD955F}.AppStore|x86.Build.0 = Debug|Any CPU
		{21963FBB-F007-4EBF-8C36-6BA605BD955F}.Debug|Any CPU.ActiveCfg = Debug|Any CPU
		{21963FBB-F007-4EBF-8C36-6BA605BD955F}.Debug|Any CPU.Build.0 = Debug|Any CPU
		{21963FBB-F007-4EBF-8C36-6BA605BD955F}.Debug|ARM.ActiveCfg = Debug|Any CPU
		{21963FBB-F007-4EBF-8C36-6BA605BD955F}.Debug|ARM.Build.0 = Debug|Any CPU
		{21963FBB-F007-4EBF-8C36-6BA605BD955F}.Debug|iPhone.ActiveCfg = Debug|Any CPU
		{21963FBB-F007-4EBF-8C36-6BA605BD955F}.Debug|iPhone.Build.0 = Debug|Any CPU
		{21963FBB-F007-4EBF-8C36-6BA605BD955F}.Debug|iPhoneSimulator.ActiveCfg = Debug|Any CPU
		{21963FBB-F007-4EBF-8C36-6BA605BD955F}.Debug|iPhoneSimulator.Build.0 = Debug|Any CPU
		{21963FBB-F007-4EBF-8C36-6BA605BD955F}.Debug|Mixed Platforms.ActiveCfg = Debug|Any CPU
		{21963FBB-F007-4EBF-8C36-6BA605BD955F}.Debug|Mixed Platforms.Build.0 = Debug|Any CPU
		{21963FBB-F007-4EBF-8C36-6BA605BD955F}.Debug|x86.ActiveCfg = Debug|Any CPU
		{21963FBB-F007-4EBF-8C36-6BA605BD955F}.Debug|x86.Build.0 = Debug|Any CPU
		{21963FBB-F007-4EBF-8C36-6BA605BD955F}.Release|Any CPU.ActiveCfg = Release|Any CPU
		{21963FBB-F007-4EBF-8C36-6BA605BD955F}.Release|Any CPU.Build.0 = Release|Any CPU
		{21963FBB-F007-4EBF-8C36-6BA605BD955F}.Release|ARM.ActiveCfg = Release|Any CPU
		{21963FBB-F007-4EBF-8C36-6BA605BD955F}.Release|ARM.Build.0 = Release|Any CPU
		{21963FBB-F007-4EBF-8C36-6BA605BD955F}.Release|iPhone.ActiveCfg = Release|Any CPU
		{21963FBB-F007-4EBF-8C36-6BA605BD955F}.Release|iPhone.Build.0 = Release|Any CPU
		{21963FBB-F007-4EBF-8C36-6BA605BD955F}.Release|iPhoneSimulator.ActiveCfg = Release|Any CPU
		{21963FBB-F007-4EBF-8C36-6BA605BD955F}.Release|iPhoneSimulator.Build.0 = Release|Any CPU
		{21963FBB-F007-4EBF-8C36-6BA605BD955F}.Release|Mixed Platforms.ActiveCfg = Release|Any CPU
		{21963FBB-F007-4EBF-8C36-6BA605BD955F}.Release|Mixed Platforms.Build.0 = Release|Any CPU
		{21963FBB-F007-4EBF-8C36-6BA605BD955F}.Release|x86.ActiveCfg = Release|Any CPU
		{21963FBB-F007-4EBF-8C36-6BA605BD955F}.Release|x86.Build.0 = Release|Any CPU
		{31345A24-1277-4218-95F7-3CB31B87FF86}.Ad-Hoc|Any CPU.ActiveCfg = Debug|Any CPU
		{31345A24-1277-4218-95F7-3CB31B87FF86}.Ad-Hoc|Any CPU.Build.0 = Debug|Any CPU
		{31345A24-1277-4218-95F7-3CB31B87FF86}.Ad-Hoc|ARM.ActiveCfg = Debug|Any CPU
		{31345A24-1277-4218-95F7-3CB31B87FF86}.Ad-Hoc|ARM.Build.0 = Debug|Any CPU
		{31345A24-1277-4218-95F7-3CB31B87FF86}.Ad-Hoc|iPhone.ActiveCfg = Debug|Any CPU
		{31345A24-1277-4218-95F7-3CB31B87FF86}.Ad-Hoc|iPhone.Build.0 = Debug|Any CPU
		{31345A24-1277-4218-95F7-3CB31B87FF86}.Ad-Hoc|iPhoneSimulator.ActiveCfg = Debug|Any CPU
		{31345A24-1277-4218-95F7-3CB31B87FF86}.Ad-Hoc|iPhoneSimulator.Build.0 = Debug|Any CPU
		{31345A24-1277-4218-95F7-3CB31B87FF86}.Ad-Hoc|Mixed Platforms.ActiveCfg = Debug|Any CPU
		{31345A24-1277-4218-95F7-3CB31B87FF86}.Ad-Hoc|Mixed Platforms.Build.0 = Debug|Any CPU
		{31345A24-1277-4218-95F7-3CB31B87FF86}.Ad-Hoc|x86.ActiveCfg = Debug|Any CPU
		{31345A24-1277-4218-95F7-3CB31B87FF86}.Ad-Hoc|x86.Build.0 = Debug|Any CPU
		{31345A24-1277-4218-95F7-3CB31B87FF86}.AppStore|Any CPU.ActiveCfg = Debug|Any CPU
		{31345A24-1277-4218-95F7-3CB31B87FF86}.AppStore|Any CPU.Build.0 = Debug|Any CPU
		{31345A24-1277-4218-95F7-3CB31B87FF86}.AppStore|ARM.ActiveCfg = Debug|Any CPU
		{31345A24-1277-4218-95F7-3CB31B87FF86}.AppStore|ARM.Build.0 = Debug|Any CPU
		{31345A24-1277-4218-95F7-3CB31B87FF86}.AppStore|iPhone.ActiveCfg = Debug|Any CPU
		{31345A24-1277-4218-95F7-3CB31B87FF86}.AppStore|iPhone.Build.0 = Debug|Any CPU
		{31345A24-1277-4218-95F7-3CB31B87FF86}.AppStore|iPhoneSimulator.ActiveCfg = Debug|Any CPU
		{31345A24-1277-4218-95F7-3CB31B87FF86}.AppStore|iPhoneSimulator.Build.0 = Debug|Any CPU
		{31345A24-1277-4218-95F7-3CB31B87FF86}.AppStore|Mixed Platforms.ActiveCfg = Debug|Any CPU
		{31345A24-1277-4218-95F7-3CB31B87FF86}.AppStore|Mixed Platforms.Build.0 = Debug|Any CPU
		{31345A24-1277-4218-95F7-3CB31B87FF86}.AppStore|x86.ActiveCfg = Debug|Any CPU
		{31345A24-1277-4218-95F7-3CB31B87FF86}.AppStore|x86.Build.0 = Debug|Any CPU
		{31345A24-1277-4218-95F7-3CB31B87FF86}.Debug|Any CPU.ActiveCfg = Debug|Any CPU
		{31345A24-1277-4218-95F7-3CB31B87FF86}.Debug|Any CPU.Build.0 = Debug|Any CPU
		{31345A24-1277-4218-95F7-3CB31B87FF86}.Debug|ARM.ActiveCfg = Debug|Any CPU
		{31345A24-1277-4218-95F7-3CB31B87FF86}.Debug|ARM.Build.0 = Debug|Any CPU
		{31345A24-1277-4218-95F7-3CB31B87FF86}.Debug|iPhone.ActiveCfg = Debug|Any CPU
		{31345A24-1277-4218-95F7-3CB31B87FF86}.Debug|iPhone.Build.0 = Debug|Any CPU
		{31345A24-1277-4218-95F7-3CB31B87FF86}.Debug|iPhoneSimulator.ActiveCfg = Debug|Any CPU
		{31345A24-1277-4218-95F7-3CB31B87FF86}.Debug|iPhoneSimulator.Build.0 = Debug|Any CPU
		{31345A24-1277-4218-95F7-3CB31B87FF86}.Debug|Mixed Platforms.ActiveCfg = Debug|Any CPU
		{31345A24-1277-4218-95F7-3CB31B87FF86}.Debug|Mixed Platforms.Build.0 = Debug|Any CPU
		{31345A24-1277-4218-95F7-3CB31B87FF86}.Debug|x86.ActiveCfg = Debug|Any CPU
		{31345A24-1277-4218-95F7-3CB31B87FF86}.Debug|x86.Build.0 = Debug|Any CPU
		{31345A24-1277-4218-95F7-3CB31B87FF86}.Release|Any CPU.ActiveCfg = Release|Any CPU
		{31345A24-1277-4218-95F7-3CB31B87FF86}.Release|Any CPU.Build.0 = Release|Any CPU
		{31345A24-1277-4218-95F7-3CB31B87FF86}.Release|ARM.ActiveCfg = Release|Any CPU
		{31345A24-1277-4218-95F7-3CB31B87FF86}.Release|ARM.Build.0 = Release|Any CPU
		{31345A24-1277-4218-95F7-3CB31B87FF86}.Release|iPhone.ActiveCfg = Release|Any CPU
		{31345A24-1277-4218-95F7-3CB31B87FF86}.Release|iPhone.Build.0 = Release|Any CPU
		{31345A24-1277-4218-95F7-3CB31B87FF86}.Release|iPhoneSimulator.ActiveCfg = Release|Any CPU
		{31345A24-1277-4218-95F7-3CB31B87FF86}.Release|iPhoneSimulator.Build.0 = Release|Any CPU
		{31345A24-1277-4218-95F7-3CB31B87FF86}.Release|Mixed Platforms.ActiveCfg = Release|Any CPU
		{31345A24-1277-4218-95F7-3CB31B87FF86}.Release|Mixed Platforms.Build.0 = Release|Any CPU
		{31345A24-1277-4218-95F7-3CB31B87FF86}.Release|x86.ActiveCfg = Release|Any CPU
		{31345A24-1277-4218-95F7-3CB31B87FF86}.Release|x86.Build.0 = Release|Any CPU
		{51A19C47-716E-4017-889B-F543523703F2}.Ad-Hoc|Any CPU.ActiveCfg = Debug|Any CPU
		{51A19C47-716E-4017-889B-F543523703F2}.Ad-Hoc|Any CPU.Build.0 = Debug|Any CPU
		{51A19C47-716E-4017-889B-F543523703F2}.Ad-Hoc|ARM.ActiveCfg = Debug|Any CPU
		{51A19C47-716E-4017-889B-F543523703F2}.Ad-Hoc|ARM.Build.0 = Debug|Any CPU
		{51A19C47-716E-4017-889B-F543523703F2}.Ad-Hoc|iPhone.ActiveCfg = Debug|Any CPU
		{51A19C47-716E-4017-889B-F543523703F2}.Ad-Hoc|iPhone.Build.0 = Debug|Any CPU
		{51A19C47-716E-4017-889B-F543523703F2}.Ad-Hoc|iPhoneSimulator.ActiveCfg = Debug|Any CPU
		{51A19C47-716E-4017-889B-F543523703F2}.Ad-Hoc|iPhoneSimulator.Build.0 = Debug|Any CPU
		{51A19C47-716E-4017-889B-F543523703F2}.Ad-Hoc|Mixed Platforms.ActiveCfg = Debug|Any CPU
		{51A19C47-716E-4017-889B-F543523703F2}.Ad-Hoc|Mixed Platforms.Build.0 = Debug|Any CPU
		{51A19C47-716E-4017-889B-F543523703F2}.Ad-Hoc|x86.ActiveCfg = Debug|Any CPU
		{51A19C47-716E-4017-889B-F543523703F2}.Ad-Hoc|x86.Build.0 = Debug|Any CPU
		{51A19C47-716E-4017-889B-F543523703F2}.AppStore|Any CPU.ActiveCfg = Debug|Any CPU
		{51A19C47-716E-4017-889B-F543523703F2}.AppStore|Any CPU.Build.0 = Debug|Any CPU
		{51A19C47-716E-4017-889B-F543523703F2}.AppStore|ARM.ActiveCfg = Debug|Any CPU
		{51A19C47-716E-4017-889B-F543523703F2}.AppStore|ARM.Build.0 = Debug|Any CPU
		{51A19C47-716E-4017-889B-F543523703F2}.AppStore|iPhone.ActiveCfg = Debug|Any CPU
		{51A19C47-716E-4017-889B-F543523703F2}.AppStore|iPhone.Build.0 = Debug|Any CPU
		{51A19C47-716E-4017-889B-F543523703F2}.AppStore|iPhoneSimulator.ActiveCfg = Debug|Any CPU
		{51A19C47-716E-4017-889B-F543523703F2}.AppStore|iPhoneSimulator.Build.0 = Debug|Any CPU
		{51A19C47-716E-4017-889B-F543523703F2}.AppStore|Mixed Platforms.ActiveCfg = Debug|Any CPU
		{51A19C47-716E-4017-889B-F543523703F2}.AppStore|Mixed Platforms.Build.0 = Debug|Any CPU
		{51A19C47-716E-4017-889B-F543523703F2}.AppStore|x86.ActiveCfg = Debug|Any CPU
		{51A19C47-716E-4017-889B-F543523703F2}.AppStore|x86.Build.0 = Debug|Any CPU
		{51A19C47-716E-4017-889B-F543523703F2}.Debug|Any CPU.ActiveCfg = Debug|Any CPU
		{51A19C47-716E-4017-889B-F543523703F2}.Debug|Any CPU.Build.0 = Debug|Any CPU
		{51A19C47-716E-4017-889B-F543523703F2}.Debug|ARM.ActiveCfg = Debug|Any CPU
		{51A19C47-716E-4017-889B-F543523703F2}.Debug|ARM.Build.0 = Debug|Any CPU
		{51A19C47-716E-4017-889B-F543523703F2}.Debug|iPhone.ActiveCfg = Debug|Any CPU
		{51A19C47-716E-4017-889B-F543523703F2}.Debug|iPhone.Build.0 = Debug|Any CPU
		{51A19C47-716E-4017-889B-F543523703F2}.Debug|iPhoneSimulator.ActiveCfg = Debug|Any CPU
		{51A19C47-716E-4017-889B-F543523703F2}.Debug|iPhoneSimulator.Build.0 = Debug|Any CPU
		{51A19C47-716E-4017-889B-F543523703F2}.Debug|Mixed Platforms.ActiveCfg = Debug|Any CPU
		{51A19C47-716E-4017-889B-F543523703F2}.Debug|Mixed Platforms.Build.0 = Debug|Any CPU
		{51A19C47-716E-4017-889B-F543523703F2}.Debug|x86.ActiveCfg = Debug|Any CPU
		{51A19C47-716E-4017-889B-F543523703F2}.Debug|x86.Build.0 = Debug|Any CPU
		{51A19C47-716E-4017-889B-F543523703F2}.Release|Any CPU.ActiveCfg = Release|Any CPU
		{51A19C47-716E-4017-889B-F543523703F2}.Release|Any CPU.Build.0 = Release|Any CPU
		{51A19C47-716E-4017-889B-F543523703F2}.Release|ARM.ActiveCfg = Release|Any CPU
		{51A19C47-716E-4017-889B-F543523703F2}.Release|ARM.Build.0 = Release|Any CPU
		{51A19C47-716E-4017-889B-F543523703F2}.Release|iPhone.ActiveCfg = Release|Any CPU
		{51A19C47-716E-4017-889B-F543523703F2}.Release|iPhone.Build.0 = Release|Any CPU
		{51A19C47-716E-4017-889B-F543523703F2}.Release|iPhoneSimulator.ActiveCfg = Release|Any CPU
		{51A19C47-716E-4017-889B-F543523703F2}.Release|iPhoneSimulator.Build.0 = Release|Any CPU
		{51A19C47-716E-4017-889B-F543523703F2}.Release|Mixed Platforms.ActiveCfg = Release|Any CPU
		{51A19C47-716E-4017-889B-F543523703F2}.Release|Mixed Platforms.Build.0 = Release|Any CPU
		{51A19C47-716E-4017-889B-F543523703F2}.Release|x86.ActiveCfg = Release|Any CPU
		{51A19C47-716E-4017-889B-F543523703F2}.Release|x86.Build.0 = Release|Any CPU
	EndGlobalSection
	GlobalSection(SolutionProperties) = preSolution
		HideSolutionNode = FALSE
	EndGlobalSection
EndGlobal
