
Microsoft Visual Studio Solution File, Format Version 12.00
# Visual Studio 2012
VisualStudioVersion = 12.0.30501.0
MinimumVisualStudioVersion = 10.0.40219.1
Project("{FAE04EC0-301F-11D3-BF4B-00C04F79EFBC}") = "Tasky.Droid", "Tasky.Droid\Tasky.Droid.csproj", "{EA729FE3-7050-4F2F-A9E8-A950E898AEB9}"
EndProject
Project("{FAE04EC0-301F-11D3-BF4B-00C04F79EFBC}") = "Tasky.iOS", "Tasky.iOS\Tasky.iOS.csproj", "{08FAE550-E302-4022-A871-17E0462E99F3}"
EndProject
Project("{D954291E-2A0B-460D-934E-DC6B0785DB48}") = "Tasky.Core", "Tasky.Core\Tasky.Core.shproj", "{ADF260BF-30C7-4BAF-9B91-4F1BAB8804C8}"
EndProject
Project("{FAE04EC0-301F-11D3-BF4B-00C04F79EFBC}") = "UITest.XamarinAndroid", "UITest.XamarinAndroid\UITest.XamarinAndroid.csproj", "{072D63EF-591F-4E0D-A059-B432E70AE86A}"
EndProject
Project("{FAE04EC0-301F-11D3-BF4B-00C04F79EFBC}") = "UnitTest.XamarinAndroid", "UnitTest.XamarinAndroid\UnitTest.XamarinAndroid.csproj", "{3C43E670-0D72-47C7-BA98-5B0DA861DAED}"
EndProject
Global
	GlobalSection(SolutionConfigurationPlatforms) = preSolution
		Debug|Any CPU = Debug|Any CPU
		Debug|iPhone = Debug|iPhone
		Debug|iPhoneSimulator = Debug|iPhoneSimulator
		Debug|Mixed Platforms = Debug|Mixed Platforms
		Release|Any CPU = Release|Any CPU
		Release|iPhone = Release|iPhone
		Release|iPhoneSimulator = Release|iPhoneSimulator
		Release|Mixed Platforms = Release|Mixed Platforms
	EndGlobalSection
	GlobalSection(ProjectConfigurationPlatforms) = postSolution
		{072D63EF-591F-4E0D-A059-B432E70AE86A}.Debug|Any CPU.ActiveCfg = Debug|Any CPU
		{072D63EF-591F-4E0D-A059-B432E70AE86A}.Debug|Any CPU.Build.0 = Debug|Any CPU
		{072D63EF-591F-4E0D-A059-B432E70AE86A}.Debug|iPhone.ActiveCfg = Debug|Any CPU
		{072D63EF-591F-4E0D-A059-B432E70AE86A}.Debug|iPhone.Build.0 = Debug|Any CPU
		{072D63EF-591F-4E0D-A059-B432E70AE86A}.Debug|iPhoneSimulator.ActiveCfg = Debug|Any CPU
		{072D63EF-591F-4E0D-A059-B432E70AE86A}.Debug|iPhoneSimulator.Build.0 = Debug|Any CPU
		{072D63EF-591F-4E0D-A059-B432E70AE86A}.Debug|Mixed Platforms.ActiveCfg = Debug|Any CPU
		{072D63EF-591F-4E0D-A059-B432E70AE86A}.Debug|Mixed Platforms.Build.0 = Debug|Any CPU
		{072D63EF-591F-4E0D-A059-B432E70AE86A}.Release|Any CPU.ActiveCfg = Release|Any CPU
		{072D63EF-591F-4E0D-A059-B432E70AE86A}.Release|Any CPU.Build.0 = Release|Any CPU
		{072D63EF-591F-4E0D-A059-B432E70AE86A}.Release|iPhone.ActiveCfg = Release|Any CPU
		{072D63EF-591F-4E0D-A059-B432E70AE86A}.Release|iPhone.Build.0 = Release|Any CPU
		{072D63EF-591F-4E0D-A059-B432E70AE86A}.Release|iPhoneSimulator.ActiveCfg = Release|Any CPU
		{072D63EF-591F-4E0D-A059-B432E70AE86A}.Release|iPhoneSimulator.Build.0 = Release|Any CPU
		{072D63EF-591F-4E0D-A059-B432E70AE86A}.Release|Mixed Platforms.ActiveCfg = Release|Any CPU
		{072D63EF-591F-4E0D-A059-B432E70AE86A}.Release|Mixed Platforms.Build.0 = Release|Any CPU
		{08FAE550-E302-4022-A871-17E0462E99F3}.Debug|Any CPU.ActiveCfg = Debug|iPhoneSimulator
		{08FAE550-E302-4022-A871-17E0462E99F3}.Debug|Any CPU.Build.0 = Debug|iPhoneSimulator
		{08FAE550-E302-4022-A871-17E0462E99F3}.Debug|iPhone.ActiveCfg = Debug|iPhone
		{08FAE550-E302-4022-A871-17E0462E99F3}.Debug|iPhone.Build.0 = Debug|iPhone
		{08FAE550-E302-4022-A871-17E0462E99F3}.Debug|iPhoneSimulator.ActiveCfg = Debug|iPhoneSimulator
		{08FAE550-E302-4022-A871-17E0462E99F3}.Debug|iPhoneSimulator.Build.0 = Debug|iPhoneSimulator
		{08FAE550-E302-4022-A871-17E0462E99F3}.Debug|Mixed Platforms.ActiveCfg = Debug|iPhoneSimulator
		{08FAE550-E302-4022-A871-17E0462E99F3}.Debug|Mixed Platforms.Build.0 = Debug|iPhoneSimulator
		{08FAE550-E302-4022-A871-17E0462E99F3}.Release|Any CPU.ActiveCfg = Release|iPhoneSimulator
		{08FAE550-E302-4022-A871-17E0462E99F3}.Release|Any CPU.Build.0 = Release|iPhoneSimulator
		{08FAE550-E302-4022-A871-17E0462E99F3}.Release|iPhone.ActiveCfg = Release|iPhone
		{08FAE550-E302-4022-A871-17E0462E99F3}.Release|iPhone.Build.0 = Release|iPhone
		{08FAE550-E302-4022-A871-17E0462E99F3}.Release|iPhoneSimulator.ActiveCfg = Release|iPhoneSimulator
		{08FAE550-E302-4022-A871-17E0462E99F3}.Release|iPhoneSimulator.Build.0 = Release|iPhoneSimulator
		{08FAE550-E302-4022-A871-17E0462E99F3}.Release|Mixed Platforms.ActiveCfg = Release|iPhoneSimulator
		{08FAE550-E302-4022-A871-17E0462E99F3}.Release|Mixed Platforms.Build.0 = Release|iPhoneSimulator
		{3C43E670-0D72-47C7-BA98-5B0DA861DAED}.Debug|Any CPU.ActiveCfg = Debug|Any CPU
		{3C43E670-0D72-47C7-BA98-5B0DA861DAED}.Debug|Any CPU.Build.0 = Debug|Any CPU
		{3C43E670-0D72-47C7-BA98-5B0DA861DAED}.Debug|iPhone.ActiveCfg = Debug|Any CPU
		{3C43E670-0D72-47C7-BA98-5B0DA861DAED}.Debug|iPhone.Build.0 = Debug|Any CPU
		{3C43E670-0D72-47C7-BA98-5B0DA861DAED}.Debug|iPhoneSimulator.ActiveCfg = Debug|Any CPU
		{3C43E670-0D72-47C7-BA98-5B0DA861DAED}.Debug|iPhoneSimulator.Build.0 = Debug|Any CPU
		{3C43E670-0D72-47C7-BA98-5B0DA861DAED}.Debug|Mixed Platforms.ActiveCfg = Debug|Any CPU
		{3C43E670-0D72-47C7-BA98-5B0DA861DAED}.Debug|Mixed Platforms.Build.0 = Debug|Any CPU
		{3C43E670-0D72-47C7-BA98-5B0DA861DAED}.Release|Any CPU.ActiveCfg = Release|Any CPU
		{3C43E670-0D72-47C7-BA98-5B0DA861DAED}.Release|Any CPU.Build.0 = Release|Any CPU
		{3C43E670-0D72-47C7-BA98-5B0DA861DAED}.Release|iPhone.ActiveCfg = Release|Any CPU
		{3C43E670-0D72-47C7-BA98-5B0DA861DAED}.Release|iPhone.Build.0 = Release|Any CPU
		{3C43E670-0D72-47C7-BA98-5B0DA861DAED}.Release|iPhoneSimulator.ActiveCfg = Release|Any CPU
		{3C43E670-0D72-47C7-BA98-5B0DA861DAED}.Release|iPhoneSimulator.Build.0 = Release|Any CPU
		{3C43E670-0D72-47C7-BA98-5B0DA861DAED}.Release|Mixed Platforms.ActiveCfg = Release|Any CPU
		{3C43E670-0D72-47C7-BA98-5B0DA861DAED}.Release|Mixed Platforms.Build.0 = Release|Any CPU
		{EA729FE3-7050-4F2F-A9E8-A950E898AEB9}.Debug|Any CPU.ActiveCfg = Debug|Any CPU
		{EA729FE3-7050-4F2F-A9E8-A950E898AEB9}.Debug|Any CPU.Build.0 = Debug|Any CPU
		{EA729FE3-7050-4F2F-A9E8-A950E898AEB9}.Debug|Any CPU.Deploy.0 = Debug|Any CPU
		{EA729FE3-7050-4F2F-A9E8-A950E898AEB9}.Debug|iPhone.ActiveCfg = Debug|Any CPU
		{EA729FE3-7050-4F2F-A9E8-A950E898AEB9}.Debug|iPhone.Build.0 = Debug|Any CPU
		{EA729FE3-7050-4F2F-A9E8-A950E898AEB9}.Debug|iPhoneSimulator.ActiveCfg = Debug|Any CPU
		{EA729FE3-7050-4F2F-A9E8-A950E898AEB9}.Debug|iPhoneSimulator.Build.0 = Debug|Any CPU
		{EA729FE3-7050-4F2F-A9E8-A950E898AEB9}.Debug|Mixed Platforms.ActiveCfg = Debug|Any CPU
		{EA729FE3-7050-4F2F-A9E8-A950E898AEB9}.Debug|Mixed Platforms.Build.0 = Debug|Any CPU
		{EA729FE3-7050-4F2F-A9E8-A950E898AEB9}.Debug|Mixed Platforms.Deploy.0 = Debug|Any CPU
		{EA729FE3-7050-4F2F-A9E8-A950E898AEB9}.Release|Any CPU.ActiveCfg = Release|Any CPU
		{EA729FE3-7050-4F2F-A9E8-A950E898AEB9}.Release|Any CPU.Build.0 = Release|Any CPU
		{EA729FE3-7050-4F2F-A9E8-A950E898AEB9}.Release|Any CPU.Deploy.0 = Release|Any CPU
		{EA729FE3-7050-4F2F-A9E8-A950E898AEB9}.Release|iPhone.ActiveCfg = Release|Any CPU
		{EA729FE3-7050-4F2F-A9E8-A950E898AEB9}.Release|iPhone.Build.0 = Release|Any CPU
		{EA729FE3-7050-4F2F-A9E8-A950E898AEB9}.Release|iPhoneSimulator.ActiveCfg = Release|Any CPU
		{EA729FE3-7050-4F2F-A9E8-A950E898AEB9}.Release|iPhoneSimulator.Build.0 = Release|Any CPU
		{EA729FE3-7050-4F2F-A9E8-A950E898AEB9}.Release|Mixed Platforms.ActiveCfg = Release|Any CPU
		{EA729FE3-7050-4F2F-A9E8-A950E898AEB9}.Release|Mixed Platforms.Build.0 = Release|Any CPU
		{EA729FE3-7050-4F2F-A9E8-A950E898AEB9}.Release|Mixed Platforms.Deploy.0 = Release|Any CPU
		{ABB70BDB-5C67-4B97-9787-EDD35D9ECDA3}.Debug|Any CPU.ActiveCfg = Debug|Any CPU
		{ABB70BDB-5C67-4B97-9787-EDD35D9ECDA3}.Debug|Any CPU.Build.0 = Debug|Any CPU
		{ABB70BDB-5C67-4B97-9787-EDD35D9ECDA3}.Debug|iPhone.ActiveCfg = Debug|Any CPU
		{ABB70BDB-5C67-4B97-9787-EDD35D9ECDA3}.Debug|iPhone.Build.0 = Debug|Any CPU
		{ABB70BDB-5C67-4B97-9787-EDD35D9ECDA3}.Debug|iPhoneSimulator.ActiveCfg = Debug|Any CPU
		{ABB70BDB-5C67-4B97-9787-EDD35D9ECDA3}.Debug|iPhoneSimulator.Build.0 = Debug|Any CPU
		{ABB70BDB-5C67-4B97-9787-EDD35D9ECDA3}.Debug|Mixed Platforms.ActiveCfg = Debug|Any CPU
		{ABB70BDB-5C67-4B97-9787-EDD35D9ECDA3}.Debug|Mixed Platforms.Build.0 = Debug|Any CPU
		{ABB70BDB-5C67-4B97-9787-EDD35D9ECDA3}.Release|Any CPU.ActiveCfg = Release|Any CPU
		{ABB70BDB-5C67-4B97-9787-EDD35D9ECDA3}.Release|Any CPU.Build.0 = Release|Any CPU
		{ABB70BDB-5C67-4B97-9787-EDD35D9ECDA3}.Release|iPhone.ActiveCfg = Release|Any CPU
		{ABB70BDB-5C67-4B97-9787-EDD35D9ECDA3}.Release|iPhone.Build.0 = Release|Any CPU
		{ABB70BDB-5C67-4B97-9787-EDD35D9ECDA3}.Release|iPhoneSimulator.ActiveCfg = Release|Any CPU
		{ABB70BDB-5C67-4B97-9787-EDD35D9ECDA3}.Release|iPhoneSimulator.Build.0 = Release|Any CPU
		{ABB70BDB-5C67-4B97-9787-EDD35D9ECDA3}.Release|Mixed Platforms.ActiveCfg = Release|Any CPU
		{ABB70BDB-5C67-4B97-9787-EDD35D9ECDA3}.Release|Mixed Platforms.Build.0 = Release|Any CPU
	EndGlobalSection
	GlobalSection(SolutionProperties) = preSolution
		HideSolutionNode = FALSE
	EndGlobalSection
	GlobalSection(TestCaseManagementSettings) = postSolution
		CategoryFile = TaskyVS.vsmdi
	EndGlobalSection
EndGlobal
